
Microsoft Visual Studio Solution File, Format Version 12.00
Project("{FAE04EC0-301F-11D3-BF4B-00C04F79EFBC}") = "WordleApi", "WordleApi\WordleApi.csproj", "{F30739E8-2243-402D-A719-79353D8CEB28}"
EndProject
Project("{FAE04EC0-301F-11D3-BF4B-00C04F79EFBC}") = "WordleRunner", "WordleRunner\WordleRunner.csproj", "{A7831628-EF09-489A-87E2-CA14B4D23340}"
EndProject
Project("{FAE04EC0-301F-11D3-BF4B-00C04F79EFBC}") = "WordleSolver", "WordleSolver\WordleSolver.csproj", "{7E79BAF8-8CF0-4E5C-892F-D21B955C7E27}"
EndProject
Global
	GlobalSection(SolutionConfigurationPlatforms) = preSolution
		Debug|Any CPU = Debug|Any CPU
		Release|Any CPU = Release|Any CPU
	EndGlobalSection
	GlobalSection(ProjectConfigurationPlatforms) = postSolution
		{F30739E8-2243-402D-A719-79353D8CEB28}.Debug|Any CPU.ActiveCfg = Debug|Any CPU
		{F30739E8-2243-402D-A719-79353D8CEB28}.Debug|Any CPU.Build.0 = Debug|Any CPU
		{F30739E8-2243-402D-A719-79353D8CEB28}.Release|Any CPU.ActiveCfg = Release|Any CPU
		{F30739E8-2243-402D-A719-79353D8CEB28}.Release|Any CPU.Build.0 = Release|Any CPU
		{A7831628-EF09-489A-87E2-CA14B4D23340}.Debug|Any CPU.ActiveCfg = Debug|Any CPU
		{A7831628-EF09-489A-87E2-CA14B4D23340}.Debug|Any CPU.Build.0 = Debug|Any CPU
		{A7831628-EF09-489A-87E2-CA14B4D23340}.Release|Any CPU.ActiveCfg = Release|Any CPU
		{A7831628-EF09-489A-87E2-CA14B4D23340}.Release|Any CPU.Build.0 = Release|Any CPU
		{7E79BAF8-8CF0-4E5C-892F-D21B955C7E27}.Debug|Any CPU.ActiveCfg = Debug|Any CPU
		{7E79BAF8-8CF0-4E5C-892F-D21B955C7E27}.Debug|Any CPU.Build.0 = Debug|Any CPU
		{7E79BAF8-8CF0-4E5C-892F-D21B955C7E27}.Release|Any CPU.ActiveCfg = Release|Any CPU
		{7E79BAF8-8CF0-4E5C-892F-D21B955C7E27}.Release|Any CPU.Build.0 = Release|Any CPU
	EndGlobalSection
EndGlobal
